
Microsoft Visual Studio Solution File, Format Version 12.00
# Visual Studio 15
VisualStudioVersion = 15.0.28307.852
MinimumVisualStudioVersion = 10.0.40219.1
Project("{9A19103F-16F7-4668-BE54-9A1E7A4F7556}") = "OnvifClient", "OnvifClient\OnvifClient.csproj", "{503BCCF1-E501-4DAE-9A4C-F6DB4A748ED4}"
EndProject
Project("{9A19103F-16F7-4668-BE54-9A1E7A4F7556}") = "TrackingCamera", "TrackingCamera\TrackingCamera.csproj", "{55380B24-2045-4B8C-9A7F-24D7A0852EAA}"
	ProjectSection(ProjectDependencies) = postProject
		{503BCCF1-E501-4DAE-9A4C-F6DB4A748ED4} = {503BCCF1-E501-4DAE-9A4C-F6DB4A748ED4}
	EndProjectSection
EndProject
Global
	GlobalSection(SolutionConfigurationPlatforms) = preSolution
		Debug|Any CPU = Debug|Any CPU
		Release|Any CPU = Release|Any CPU
	EndGlobalSection
	GlobalSection(ProjectConfigurationPlatforms) = postSolution
		{503BCCF1-E501-4DAE-9A4C-F6DB4A748ED4}.Debug|Any CPU.ActiveCfg = Debug|Any CPU
		{503BCCF1-E501-4DAE-9A4C-F6DB4A748ED4}.Debug|Any CPU.Build.0 = Debug|Any CPU
		{503BCCF1-E501-4DAE-9A4C-F6DB4A748ED4}.Release|Any CPU.ActiveCfg = Release|Any CPU
		{503BCCF1-E501-4DAE-9A4C-F6DB4A748ED4}.Release|Any CPU.Build.0 = Release|Any CPU
		{55380B24-2045-4B8C-9A7F-24D7A0852EAA}.Debug|Any CPU.ActiveCfg = Debug|Any CPU
		{55380B24-2045-4B8C-9A7F-24D7A0852EAA}.Debug|Any CPU.Build.0 = Debug|Any CPU
		{55380B24-2045-4B8C-9A7F-24D7A0852EAA}.Release|Any CPU.ActiveCfg = Release|Any CPU
		{55380B24-2045-4B8C-9A7F-24D7A0852EAA}.Release|Any CPU.Build.0 = Release|Any CPU
	EndGlobalSection
	GlobalSection(SolutionProperties) = preSolution
		HideSolutionNode = FALSE
	EndGlobalSection
	GlobalSection(ExtensibilityGlobals) = postSolution
		SolutionGuid = {35A56481-4C26-4579-B991-6F8166BC19CA}
	EndGlobalSection
EndGlobal
